{
  "version": 4,
  "terraform_version": "1.7.1",
  "serial": 79,
  "lineage": "fe7e4265-4897-e3f7-5b42-355e56ee4552",
  "outputs": {
    "aws_iam_roe_self_managed_role_arns": {
      "value": "stable-eks-node-group-9f9c33f5999f945c-role",
      "type": "string"
    },
    "aws_iam_role_eks_cluster": {
      "value": "arn:aws:iam::471112993982:role/stable-eks",
      "type": "string"
    },
    "aws_iam_role_eks_self_managed_node_group": {
      "value": "arn:aws:iam::471112993982:role/stable-eks-node-group-9f9c33f5999f945c-role",
      "type": "string"
    },
    "cluster_arn": {
      "value": "arn:aws:eks:ap-northeast-1:471112993982:cluster/stable-eks",
      "type": "string"
    },
    "cluster_endpoint": {
      "value": "https://40A1A465A479524E0F58E16ADCA421B4.gr7.ap-northeast-1.eks.amazonaws.com",
      "type": "string"
    },
    "self_managed_node_group": {
      "value": "stable-eks-node-group-9f9c33f5999f945c",
      "type": "string"
    },
    "self_managed_role_arns": {
      "value": "arn:aws:autoscaling:ap-northeast-1:471112993982:autoScalingGroup:934c9ce3-fd8d-4f4e-bbac-554b2e8cc31c:autoScalingGroupName/stable-eks-node-group-9f9c33f5999f945c",
      "type": "string"
    }
  },
  "resources": [
    {
      "mode": "data",
      "type": "aws_ec2_instance_type",
      "name": "selected",
      "provider": "provider[\"registry.terraform.io/hashicorp/aws\"]",
      "instances": [
        {
          "schema_version": 0,
          "attributes": {
            "auto_recovery_supported": true,
            "bare_metal": false,
            "burstable_performance_supported": false,
            "current_generation": true,
            "dedicated_hosts_supported": true,
            "default_cores": 2,
            "default_threads_per_core": 2,
            "default_vcpus": 4,
            "ebs_encryption_support": "supported",
            "ebs_nvme_support": "required",
            "ebs_optimized_support": "default",
            "ebs_performance_baseline_bandwidth": 1150,
            "ebs_performance_baseline_iops": 6000,
            "ebs_performance_baseline_throughput": 143.75,
            "ebs_performance_maximum_bandwidth": 4750,
            "ebs_performance_maximum_iops": 20000,
            "ebs_performance_maximum_throughput": 593.75,
            "efa_supported": false,
            "ena_support": "required",
            "encryption_in_transit_supported": false,
            "fpgas": [],
            "free_tier_eligible": false,
            "gpus": [],
            "hibernation_supported": true,
            "hypervisor": "nitro",
            "id": "c5.xlarge",
            "inference_accelerators": [],
            "instance_disks": [],
            "instance_storage_supported": false,
            "instance_type": "c5.xlarge",
            "ipv6_supported": true,
            "maximum_ipv4_addresses_per_interface": 15,
            "maximum_ipv6_addresses_per_interface": 15,
            "maximum_network_interfaces": 4,
            "memory_size": 8192,
            "network_performance": "Up to 10 Gigabit",
            "supported_architectures": [
              "x86_64"
            ],
            "supported_placement_strategies": [
              "cluster",
              "partition",
              "spread"
            ],
            "supported_root_device_types": [
              "ebs"
            ],
            "supported_usages_classes": [
              "on-demand",
              "spot"
            ],
            "supported_virtualization_types": [
              "hvm"
            ],
            "sustained_clock_speed": 3.4,
            "timeouts": null,
            "total_fpga_memory": null,
            "total_gpu_memory": null,
            "total_instance_storage": null,
            "valid_cores": [
              2
            ],
            "valid_threads_per_core": [
              1,
              2
            ]
          },
          "sensitive_attributes": []
        }
      ]
    },
    {
      "mode": "data",
      "type": "aws_eks_cluster",
      "name": "default",
      "provider": "provider[\"registry.terraform.io/hashicorp/aws\"]",
      "instances": [
        {
          "schema_version": 0,
          "attributes": {
            "arn": "arn:aws:eks:ap-northeast-1:471112993982:cluster/stable-eks",
            "certificate_authority": [
              {
                "data": "LS0tLS1CRUdJTiBDRVJUSUZJQ0FURS0tLS0tCk1JSURCVENDQWUyZ0F3SUJBZ0lJS2tiOHM5NXpmV293RFFZSktvWklodmNOQVFFTEJRQXdGVEVUTUJFR0ExVUUKQXhNS2EzVmlaWEp1WlhSbGN6QWVGdzB5TkRBeU1EUXdPRFE0TURCYUZ3MHpOREF5TURFd09EVXpNREJhTUJVeApFekFSQmdOVkJBTVRDbXQxWW1WeWJtVjBaWE13Z2dFaU1BMEdDU3FHU0liM0RRRUJBUVVBQTRJQkR3QXdnZ0VLCkFvSUJBUUNjS2IwdXZDdVphcUtmVlBlNkxJeVExZmVXOEJ6OGU5cHl6UlFZZkpHU0N3VDdWZHpocDBFWUVYSm0KQUZpNjhacXI4RStRZFYrSFYvMndMMjdCbkNFZWRKUDhsNFlHYU9naVg4K1M1a0JQY1FKNG01dmQ1a3RIdjFVdgpDVlFUTW82U0t4Y2pud3dBRW5aMXZXV1gxdmNkTGtKTjVrN2VscEdzZjUzNkxNZE9rWkRqSU8zTFpmU09NT2N6CjdkajNtWHYxN284S2FJbFJzMERjMWpVL3MwbFgzWmUyUHBRQllEN0pBOFdkKyt4VWtZaWlCTnVmcU02TjdxUEwKSHhnR2FjUFNXdnhMSGtPWnIxVnp4VWRpNjBJd1IyY1dkaUI4VTJESTBZalRiMm9kSjRMU1BZMDYyTjBhZzJnUwpNYVdyMUJtb1VORkl6N0hlaGJZRU5xa2xISDNQQWdNQkFBR2pXVEJYTUE0R0ExVWREd0VCL3dRRUF3SUNwREFQCkJnTlZIUk1CQWY4RUJUQURBUUgvTUIwR0ExVWREZ1FXQkJUT2o2SURxTHl4UkNyRzE3M3c3bVVmenkvL2NqQVYKQmdOVkhSRUVEakFNZ2dwcmRXSmxjbTVsZEdWek1BMEdDU3FHU0liM0RRRUJDd1VBQTRJQkFRQVp2SE1Wb0ZLMwpFVkdlWXhCTXhDRGg0ZThaTURzdXFsL08zSFpPZWY2dDlrZ0creE1CYmdqUFBuaDNUZDdFVi9zQVRBcEpyRWpLCmNOdEU4L1o0MGIzVFd3L0JibzNleWxqQmkyK25waWxXV3h0dWx5QWZMS2pLd3ZNV2NPN1J4ajN0SnRXTkl0VGoKYlZWakFCVmtWVDJKT2ZPUWc2bDkyNmtSd2FlV2NaNWcrSHRRZXFOZDNoTlhIU21ieWdSU29JUXU0SVkvdVh6dQpBNzF0UVdkU1daMzlhVktjeFZMY0JpK0Jwd09XZVBmNDRaRFVnV1p0anU1Q1V4cjNlRjZhemEwcHA2RmdHVWM3CjYvV0YwVjkvVkVMUkhLdUR3emxkQmhtd2oyNEd1RFRkMzczMDdpczc2eWVKdVZuSHllRmpNRy94OXpRWlMxSVoKVmY1anpIcHdKNGVhCi0tLS0tRU5EIENFUlRJRklDQVRFLS0tLS0K"
              }
            ],
            "cluster_id": null,
            "created_at": "2024-02-04 08:48:15.657 +0000 UTC",
            "enabled_cluster_log_types": [],
            "endpoint": "https://40A1A465A479524E0F58E16ADCA421B4.gr7.ap-northeast-1.eks.amazonaws.com",
            "id": "stable-eks",
            "identity": [
              {
                "oidc": [
                  {
                    "issuer": "https://oidc.eks.ap-northeast-1.amazonaws.com/id/40A1A465A479524E0F58E16ADCA421B4"
                  }
                ]
              }
            ],
            "kubernetes_network_config": [
              {
                "ip_family": "ipv4",
                "service_ipv4_cidr": "172.20.0.0/16",
                "service_ipv6_cidr": ""
              }
            ],
            "name": "stable-eks",
            "outpost_config": [],
            "platform_version": "eks.13",
            "role_arn": "arn:aws:iam::471112993982:role/stable-eks",
            "status": "ACTIVE",
            "tags": {},
            "version": "1.25",
            "vpc_config": [
              {
                "cluster_security_group_id": "sg-0d81518960ced206d",
                "endpoint_private_access": true,
                "endpoint_public_access": true,
                "public_access_cidrs": [
                  "0.0.0.0/0"
                ],
                "security_group_ids": [],
                "subnet_ids": [
                  "subnet-0c100ef60573bdd3d",
                  "subnet-0d9e21d152eff3350"
                ],
                "vpc_id": "vpc-0493956eb129e6c45"
              }
            ]
          },
          "sensitive_attributes": []
        }
      ]
    },
    {
      "mode": "data",
      "type": "aws_eks_cluster",
      "name": "selected",
      "provider": "provider[\"registry.terraform.io/hashicorp/aws\"]",
      "instances": [
        {
          "schema_version": 0,
          "attributes": {
            "arn": "arn:aws:eks:ap-northeast-1:471112993982:cluster/stable-eks",
            "certificate_authority": [
              {
                "data": "LS0tLS1CRUdJTiBDRVJUSUZJQ0FURS0tLS0tCk1JSURCVENDQWUyZ0F3SUJBZ0lJS2tiOHM5NXpmV293RFFZSktvWklodmNOQVFFTEJRQXdGVEVUTUJFR0ExVUUKQXhNS2EzVmlaWEp1WlhSbGN6QWVGdzB5TkRBeU1EUXdPRFE0TURCYUZ3MHpOREF5TURFd09EVXpNREJhTUJVeApFekFSQmdOVkJBTVRDbXQxWW1WeWJtVjBaWE13Z2dFaU1BMEdDU3FHU0liM0RRRUJBUVVBQTRJQkR3QXdnZ0VLCkFvSUJBUUNjS2IwdXZDdVphcUtmVlBlNkxJeVExZmVXOEJ6OGU5cHl6UlFZZkpHU0N3VDdWZHpocDBFWUVYSm0KQUZpNjhacXI4RStRZFYrSFYvMndMMjdCbkNFZWRKUDhsNFlHYU9naVg4K1M1a0JQY1FKNG01dmQ1a3RIdjFVdgpDVlFUTW82U0t4Y2pud3dBRW5aMXZXV1gxdmNkTGtKTjVrN2VscEdzZjUzNkxNZE9rWkRqSU8zTFpmU09NT2N6CjdkajNtWHYxN284S2FJbFJzMERjMWpVL3MwbFgzWmUyUHBRQllEN0pBOFdkKyt4VWtZaWlCTnVmcU02TjdxUEwKSHhnR2FjUFNXdnhMSGtPWnIxVnp4VWRpNjBJd1IyY1dkaUI4VTJESTBZalRiMm9kSjRMU1BZMDYyTjBhZzJnUwpNYVdyMUJtb1VORkl6N0hlaGJZRU5xa2xISDNQQWdNQkFBR2pXVEJYTUE0R0ExVWREd0VCL3dRRUF3SUNwREFQCkJnTlZIUk1CQWY4RUJUQURBUUgvTUIwR0ExVWREZ1FXQkJUT2o2SURxTHl4UkNyRzE3M3c3bVVmenkvL2NqQVYKQmdOVkhSRUVEakFNZ2dwcmRXSmxjbTVsZEdWek1BMEdDU3FHU0liM0RRRUJDd1VBQTRJQkFRQVp2SE1Wb0ZLMwpFVkdlWXhCTXhDRGg0ZThaTURzdXFsL08zSFpPZWY2dDlrZ0creE1CYmdqUFBuaDNUZDdFVi9zQVRBcEpyRWpLCmNOdEU4L1o0MGIzVFd3L0JibzNleWxqQmkyK25waWxXV3h0dWx5QWZMS2pLd3ZNV2NPN1J4ajN0SnRXTkl0VGoKYlZWakFCVmtWVDJKT2ZPUWc2bDkyNmtSd2FlV2NaNWcrSHRRZXFOZDNoTlhIU21ieWdSU29JUXU0SVkvdVh6dQpBNzF0UVdkU1daMzlhVktjeFZMY0JpK0Jwd09XZVBmNDRaRFVnV1p0anU1Q1V4cjNlRjZhemEwcHA2RmdHVWM3CjYvV0YwVjkvVkVMUkhLdUR3emxkQmhtd2oyNEd1RFRkMzczMDdpczc2eWVKdVZuSHllRmpNRy94OXpRWlMxSVoKVmY1anpIcHdKNGVhCi0tLS0tRU5EIENFUlRJRklDQVRFLS0tLS0K"
              }
            ],
            "cluster_id": null,
            "created_at": "2024-02-04 08:48:15.657 +0000 UTC",
            "enabled_cluster_log_types": [],
            "endpoint": "https://40A1A465A479524E0F58E16ADCA421B4.gr7.ap-northeast-1.eks.amazonaws.com",
            "id": "stable-eks",
            "identity": [
              {
                "oidc": [
                  {
                    "issuer": "https://oidc.eks.ap-northeast-1.amazonaws.com/id/40A1A465A479524E0F58E16ADCA421B4"
                  }
                ]
              }
            ],
            "kubernetes_network_config": [
              {
                "ip_family": "ipv4",
                "service_ipv4_cidr": "172.20.0.0/16",
                "service_ipv6_cidr": ""
              }
            ],
            "name": "stable-eks",
            "outpost_config": [],
            "platform_version": "eks.13",
            "role_arn": "arn:aws:iam::471112993982:role/stable-eks",
            "status": "ACTIVE",
            "tags": {},
            "version": "1.25",
            "vpc_config": [
              {
                "cluster_security_group_id": "sg-0d81518960ced206d",
                "endpoint_private_access": true,
                "endpoint_public_access": true,
                "public_access_cidrs": [
                  "0.0.0.0/0"
                ],
                "security_group_ids": [],
                "subnet_ids": [
                  "subnet-0c100ef60573bdd3d",
                  "subnet-0d9e21d152eff3350"
                ],
                "vpc_id": "vpc-0493956eb129e6c45"
              }
            ]
          },
          "sensitive_attributes": []
        }
      ]
    },
    {
      "mode": "data",
      "type": "aws_eks_cluster_auth",
      "name": "default",
      "provider": "provider[\"registry.terraform.io/hashicorp/aws\"]",
      "instances": [
        {
          "schema_version": 0,
          "attributes": {
            "id": "stable-eks",
            "name": "stable-eks",
            "token": "k8s-aws-v1.aHR0cHM6Ly9zdHMuYW1hem9uYXdzLmNvbS8_QWN0aW9uPUdldENhbGxlcklkZW50aXR5JlZlcnNpb249MjAxMS0wNi0xNSZYLUFtei1BbGdvcml0aG09QVdTNC1ITUFDLVNIQTI1NiZYLUFtei1DcmVkZW50aWFsPUFLSUFXM01FRlpTN0cyTERCM0lFJTJGMjAyNDAyMDQlMkZ1cy1lYXN0LTElMkZzdHMlMkZhd3M0X3JlcXVlc3QmWC1BbXotRGF0ZT0yMDI0MDIwNFQwODU4MDZaJlgtQW16LUV4cGlyZXM9MCZYLUFtei1TaWduZWRIZWFkZXJzPWhvc3QlM0J4LWs4cy1hd3MtaWQmWC1BbXotU2lnbmF0dXJlPWUyNDUxYjc3ZDBhNTcwYjRiNmEwOThkZDhkYzE5YWQyNmRkYzczMjE5ZmUyMmNlZTI5Yjg5ZjVmNDdmNmQzMmY"
          },
          "sensitive_attributes": []
        }
      ]
    },
    {
      "mode": "data",
      "type": "aws_iam_policy_document",
      "name": "karpenter_controller_assume_role_policy",
      "provider": "provider[\"registry.terraform.io/hashicorp/aws\"]",
      "instances": [
        {
          "schema_version": 0,
          "attributes": {
            "id": "2560042472",
            "json": "{\n  \"Version\": \"2012-10-17\",\n  \"Statement\": [\n    {\n      \"Sid\": \"\",\n      \"Effect\": \"Allow\",\n      \"Action\": \"sts:AssumeRoleWithWebIdentity\",\n      \"Principal\": {\n        \"Federated\": \"arn:aws:iam::471112993982:oidc-provider/oidc.eks.ap-northeast-1.amazonaws.com/id/40A1A465A479524E0F58E16ADCA421B4\"\n      },\n      \"Condition\": {\n        \"StringEquals\": {\n          \"oidc.eks.ap-northeast-1.amazonaws.com/id/40A1A465A479524E0F58E16ADCA421B4:sub\": \"system:serviceaccount:karpenter:karpenter\"\n        }\n      }\n    }\n  ]\n}",
            "override_json": null,
            "override_policy_documents": null,
            "policy_id": null,
            "source_json": null,
            "source_policy_documents": null,
            "statement": [
              {
                "actions": [
                  "sts:AssumeRoleWithWebIdentity"
                ],
                "condition": [
                  {
                    "test": "StringEquals",
                    "values": [
                      "system:serviceaccount:karpenter:karpenter"
                    ],
                    "variable": "oidc.eks.ap-northeast-1.amazonaws.com/id/40A1A465A479524E0F58E16ADCA421B4:sub"
                  }
                ],
                "effect": "Allow",
                "not_actions": [],
                "not_principals": [],
                "not_resources": [],
                "principals": [
                  {
                    "identifiers": [
                      "arn:aws:iam::471112993982:oidc-provider/oidc.eks.ap-northeast-1.amazonaws.com/id/40A1A465A479524E0F58E16ADCA421B4"
                    ],
                    "type": "Federated"
                  }
                ],
                "resources": [],
                "sid": ""
              }
            ],
            "version": "2012-10-17"
          },
          "sensitive_attributes": []
        }
      ]
    },
    {
      "mode": "data",
      "type": "tls_certificate",
      "name": "eks",
      "provider": "provider[\"registry.terraform.io/hashicorp/tls\"]",
      "instances": [
        {
          "schema_version": 0,
          "attributes": {
            "certificates": [
              {
                "cert_pem": "-----BEGIN CERTIFICATE-----\nMIIEdTCCA12gAwIBAgIJAKcOSkw0grd/MA0GCSqGSIb3DQEBCwUAMGgxCzAJBgNV\nBAYTAlVTMSUwIwYDVQQKExxTdGFyZmllbGQgVGVjaG5vbG9naWVzLCBJbmMuMTIw\nMAYDVQQLEylTdGFyZmllbGQgQ2xhc3MgMiBDZXJ0aWZpY2F0aW9uIEF1dGhvcml0\neTAeFw0wOTA5MDIwMDAwMDBaFw0zNDA2MjgxNzM5MTZaMIGYMQswCQYDVQQGEwJV\nUzEQMA4GA1UECBMHQXJpem9uYTETMBEGA1UEBxMKU2NvdHRzZGFsZTElMCMGA1UE\nChMcU3RhcmZpZWxkIFRlY2hub2xvZ2llcywgSW5jLjE7MDkGA1UEAxMyU3RhcmZp\nZWxkIFNlcnZpY2VzIFJvb3QgQ2VydGlmaWNhdGUgQXV0aG9yaXR5IC0gRzIwggEi\nMA0GCSqGSIb3DQEBAQUAA4IBDwAwggEKAoIBAQDVDDrEKvlO4vW+GZdfjohTsR8/\ny8+fIBNtKTrID30892t2OGPZNmCom15cAICyL1l/9of5JUOG52kbUpqQ4XHj2C0N\nTm/2yEnZtvMaVq4rtnQU68/7JuMauh2WLmo7WJSJR1b/JaCTcFOD2oR0FMNnngRo\nOt+OQFodSk7PQ5E751bWAHDLUu57fa4657wx+UX2wmDPE1kCK4DMNEffud6QZW0C\nzyyRpqbn3oUYSXxmTqM6bam17jQuug0DuDPfR+uxa40l2ZvOgdFFRjKWcIfeAg5J\nQ4W2bHO7ZOphQazJ1FTfhy/HIrImzJ9ZVGif/L4qL8RVHHVAYBeFAlU5i38FAgMB\nAAGjgfAwge0wDwYDVR0TAQH/BAUwAwEB/zAOBgNVHQ8BAf8EBAMCAYYwHQYDVR0O\nBBYEFJxfAN+qAdcwKziIorhtSpzyEZGDMB8GA1UdIwQYMBaAFL9ft9HO3R+G9FtV\nrNzXEMIOqYjnME8GCCsGAQUFBwEBBEMwQTAcBggrBgEFBQcwAYYQaHR0cDovL28u\nc3MyLnVzLzAhBggrBgEFBQcwAoYVaHR0cDovL3guc3MyLnVzL3guY2VyMCYGA1Ud\nHwQfMB0wG6AZoBeGFWh0dHA6Ly9zLnNzMi51cy9yLmNybDARBgNVHSAECjAIMAYG\nBFUdIAAwDQYJKoZIhvcNAQELBQADggEBACMd44pXyn3pF3lM8R5V/cxTbj5HD9/G\nVfKyBDbtgB9TxF00KGu+x1X8Z+rLP3+QsjPNG1gQggL4+C/1E2DUBc7xgQjB3ad1\nl08YuW3e95ORCLp+QCztweq7dp4zBncdDQh/U90bZKuCJ/Fp1U1ervShw3WnWEQt\n8jxwmKy6abaVd38PMV4s/KCHOkdp8Hlf9BRUpJVeEXgSYCfOn8J3/yNTd126/+pZ\n59vPr5KW7ySaNRB6nJHGDn2Z9j8Z3/VyVOEVqQdZe4O/Ui5GjLIAZHYcSNPYeehu\nVsyuLAOQ1xk4meTKCRlb/weWsKh/NEnfVqn3sF/tM+2MR7cwA130A4w=\n-----END CERTIFICATE-----\n",
                "is_ca": true,
                "issuer": "OU=Starfield Class 2 Certification Authority,O=Starfield Technologies\\, Inc.,C=US",
                "not_after": "2034-06-28T17:39:16Z",
                "not_before": "2009-09-02T00:00:00Z",
                "public_key_algorithm": "RSA",
                "serial_number": "12037640545166866303",
                "sha1_fingerprint": "9e99a48a9960b14926bb7f3b02e22da2b0ab7280",
                "signature_algorithm": "SHA256-RSA",
                "subject": "CN=Starfield Services Root Certificate Authority - G2,O=Starfield Technologies\\, Inc.,L=Scottsdale,ST=Arizona,C=US",
                "version": 3
              },
              {
                "cert_pem": "-----BEGIN CERTIFICATE-----\nMIIEkjCCA3qgAwIBAgITBn+USionzfP6wq4rAfkI7rnExjANBgkqhkiG9w0BAQsF\nADCBmDELMAkGA1UEBhMCVVMxEDAOBgNVBAgTB0FyaXpvbmExEzARBgNVBAcTClNj\nb3R0c2RhbGUxJTAjBgNVBAoTHFN0YXJmaWVsZCBUZWNobm9sb2dpZXMsIEluYy4x\nOzA5BgNVBAMTMlN0YXJmaWVsZCBTZXJ2aWNlcyBSb290IENlcnRpZmljYXRlIEF1\ndGhvcml0eSAtIEcyMB4XDTE1MDUyNTEyMDAwMFoXDTM3MTIzMTAxMDAwMFowOTEL\nMAkGA1UEBhMCVVMxDzANBgNVBAoTBkFtYXpvbjEZMBcGA1UEAxMQQW1hem9uIFJv\nb3QgQ0EgMTCCASIwDQYJKoZIhvcNAQEBBQADggEPADCCAQoCggEBALJ4gHHKeNXj\nca9HgFB0fW7Y14h29Jlo91ghYPl0hAEvrAIthtOgQ3pOsqTQNroBvo3bSMgHFzZM\n9O6II8c+6zf1tRn4SWiw3te5djgdYZ6k/oI2peVKVuRF4fn9tBb6dNqcmzU5L/qw\nIFAGbHrQgLKm+a/sRxmPUDgH3KKHOVj4utWp+UhnMJbulHheb4mjUcAwhmahRWa6\nVOujw5H5SNz/0egwLX0tdHA114gk957EWW67c4cX8jJGKLhD+rcdqsq08p8kDi1L\n93FcXmn/6pUCyziKrlA4b9v7LWIbxcceVOF34GfID5yHI9Y/QCB/IIDEgEw+OyQm\njgSubJrIqg0CAwEAAaOCATEwggEtMA8GA1UdEwEB/wQFMAMBAf8wDgYDVR0PAQH/\nBAQDAgGGMB0GA1UdDgQWBBSEGMyFNOy8DJSULghZnMeyEE4KCDAfBgNVHSMEGDAW\ngBScXwDfqgHXMCs4iKK4bUqc8hGRgzB4BggrBgEFBQcBAQRsMGowLgYIKwYBBQUH\nMAGGImh0dHA6Ly9vY3NwLnJvb3RnMi5hbWF6b250cnVzdC5jb20wOAYIKwYBBQUH\nMAKGLGh0dHA6Ly9jcnQucm9vdGcyLmFtYXpvbnRydXN0LmNvbS9yb290ZzIuY2Vy\nMD0GA1UdHwQ2MDQwMqAwoC6GLGh0dHA6Ly9jcmwucm9vdGcyLmFtYXpvbnRydXN0\nLmNvbS9yb290ZzIuY3JsMBEGA1UdIAQKMAgwBgYEVR0gADANBgkqhkiG9w0BAQsF\nAAOCAQEAYjdCXLwQtT6LLOkMm2xF4gcAevnFWAu5CIw+7bMlPLVvUOTNNWqnkzSW\nMiGpSESrnO09tKpzbeR/FoCJbM8oAxiDR3mjEH4wW6w7sGDgd9QIpuEdfF7Au/ma\neyKdpwAJfqxGF4PcnCZXmTA5YpaP7dreqsXMGz7KQ2hsVxa81Q4gLv7/wmpdLqBK\nbRRYh5TmOTFffHPLkIhqhBGWJ6bt2YFGpn6jcgAKUj6DiAdjd4lpFw85hdKrCEVN\n0FE6/V1dN2RMfjCyVSRCnTawXZwXgWHxyvkQAiSr6w10kY17RSlQOYiypok1JR4U\nakcjMS9cmvqtmg5iUaQqqcT5NJ0hGA==\n-----END CERTIFICATE-----\n",
                "is_ca": true,
                "issuer": "CN=Starfield Services Root Certificate Authority - G2,O=Starfield Technologies\\, Inc.,L=Scottsdale,ST=Arizona,C=US",
                "not_after": "2037-12-31T01:00:00Z",
                "not_before": "2015-05-25T12:00:00Z",
                "public_key_algorithm": "RSA",
                "serial_number": "144918191876577076464031512351042010504348870",
                "sha1_fingerprint": "06b25927c42a721631c1efd9431e648fa62e1e39",
                "signature_algorithm": "SHA256-RSA",
                "subject": "CN=Amazon Root CA 1,O=Amazon,C=US",
                "version": 3
              },
              {
                "cert_pem": "-----BEGIN CERTIFICATE-----\nMIIEXjCCA0agAwIBAgITB3MSOAudZoijOx7Zv5zNpo4ODzANBgkqhkiG9w0BAQsF\nADA5MQswCQYDVQQGEwJVUzEPMA0GA1UEChMGQW1hem9uMRkwFwYDVQQDExBBbWF6\nb24gUm9vdCBDQSAxMB4XDTIyMDgyMzIyMjEyOFoXDTMwMDgyMzIyMjEyOFowPDEL\nMAkGA1UEBhMCVVMxDzANBgNVBAoTBkFtYXpvbjEcMBoGA1UEAxMTQW1hem9uIFJT\nQSAyMDQ4IE0wMTCCASIwDQYJKoZIhvcNAQEBBQADggEPADCCAQoCggEBAOtxLKnL\nH4gokjIwr4pXD3i3NyWVVYesZ1yX0yLI2qIUZ2t88Gfa4gMqs1YSXca1R/lnCKeT\nepWSGA+0+fkQNpp/L4C2T7oTTsddUx7g3ZYzByDTlrwS5HRQQqEFE3O1T5tEJP4t\nf+28IoXsNiEzl3UGzicYgtzj2cWCB41eJgEmJmcf2T8TzzK6a614ZPyq/w4CPAff\nnAV4coz96nW3AyiE2uhuB4zQUIXvgVSycW7sbWLvj5TDXunEpNCRwC4kkZjK7rol\njtT2cbb7W2s4Bkg3R42G3PLqBvt2N32e/0JOTViCk8/iccJ4sXqrS1uUN4iB5Nmv\nJK74csVl+0u0UecCAwEAAaOCAVowggFWMBIGA1UdEwEB/wQIMAYBAf8CAQAwDgYD\nVR0PAQH/BAQDAgGGMB0GA1UdJQQWMBQGCCsGAQUFBwMBBggrBgEFBQcDAjAdBgNV\nHQ4EFgQUgbgOY4qJEhjl+js7UJWf5uWQE4UwHwYDVR0jBBgwFoAUhBjMhTTsvAyU\nlC4IWZzHshBOCggwewYIKwYBBQUHAQEEbzBtMC8GCCsGAQUFBzABhiNodHRwOi8v\nb2NzcC5yb290Y2ExLmFtYXpvbnRydXN0LmNvbTA6BggrBgEFBQcwAoYuaHR0cDov\nL2NydC5yb290Y2ExLmFtYXpvbnRydXN0LmNvbS9yb290Y2ExLmNlcjA/BgNVHR8E\nODA2MDSgMqAwhi5odHRwOi8vY3JsLnJvb3RjYTEuYW1hem9udHJ1c3QuY29tL3Jv\nb3RjYTEuY3JsMBMGA1UdIAQMMAowCAYGZ4EMAQIBMA0GCSqGSIb3DQEBCwUAA4IB\nAQCtAN4CBSMuBjJitGuxlBbkEUDeK/pZwTXv4KqPK0G50fOHOQAd8j21p0cMBgbG\nkfMHVwLU7b0XwZCav0h1ogdPMN1KakK1DT0VwA/+hFvGPJnMV1Kx2G4S1ZaSk0uU\n5QfoiYIIano01J5k4T2HapKQmmOhS/iPtuo00wW+IMLeBuKMn3OLn005hcrOGTad\nhcmeyfhQP7Z+iKHvyoQGi1C0ClymHETx/chhQGDyYSWqB/THwnN15AwLQo0E5V9E\nSJlbe4mBlqeInUsNYugExNf+tOiybcrswBy8OFsd34XOW3rjSUtsuafd9AWySa3h\nxRRrwszrzX/WWGm6wyB+f7C4\n-----END CERTIFICATE-----\n",
                "is_ca": true,
                "issuer": "CN=Amazon Root CA 1,O=Amazon,C=US",
                "not_after": "2030-08-23T22:21:28Z",
                "not_before": "2022-08-23T22:21:28Z",
                "public_key_algorithm": "RSA",
                "serial_number": "166129328851546858514271303855646110030630415",
                "sha1_fingerprint": "2ad974a775f73cbdbbd8f5ac3a49255fa8fb1f8c",
                "signature_algorithm": "SHA256-RSA",
                "subject": "CN=Amazon RSA 2048 M01,O=Amazon,C=US",
                "version": 3
              },
              {
                "cert_pem": "-----BEGIN CERTIFICATE-----\nMIIF9TCCBN2gAwIBAgIQCCu2C8t8t7vapZiRCOva4DANBgkqhkiG9w0BAQsFADA8\nMQswCQYDVQQGEwJVUzEPMA0GA1UEChMGQW1hem9uMRwwGgYDVQQDExNBbWF6b24g\nUlNBIDIwNDggTTAxMB4XDTIzMDQxNDAwMDAwMFoXDTI0MDUxMjIzNTk1OVowMDEu\nMCwGA1UEAxMlb2lkYy5la3MuYXAtbm9ydGhlYXN0LTEuYW1hem9uYXdzLmNvbTCC\nASIwDQYJKoZIhvcNAQEBBQADggEPADCCAQoCggEBAL9VXk5vqQNAr516MURUHNTP\n4vNwAjaRJhYLWUAOrzQQ4/SEb8tqroLoBuSLGWB7icG3CIhLgFcAm3QtGkhUcQbG\nhcdoh6LWnJYE2hUOzZ2pGhksVwGdhntCGr9cThGrhgOeqGAMdHwIR1FX82/11/LI\nRaKb+XT2cf1dYvQa8bMn7A1m/TQ4/FPeHzmoiKDeG2aRHpjpoDUpBRWjOb6OW5K8\nOmq6iB/eMJ2abz7/zsobfTtnaOoheUm0xLrk0s3OMZhKfLxjDU5cpzAo277KzKOP\nDPxp8yb0KsUs28WyXBKXLe0LdPI+UDDey7mUA5XPwLFljEEpf/oQC5TSAZPjkx0C\nAwEAAaOCAv0wggL5MB8GA1UdIwQYMBaAFIG4DmOKiRIY5fo7O1CVn+blkBOFMB0G\nA1UdDgQWBBSAVTg1ObBL+D5mUpuZ1bJrqpwk9zAwBgNVHREEKTAngiVvaWRjLmVr\ncy5hcC1ub3J0aGVhc3QtMS5hbWF6b25hd3MuY29tMA4GA1UdDwEB/wQEAwIFoDAd\nBgNVHSUEFjAUBggrBgEFBQcDAQYIKwYBBQUHAwIwOwYDVR0fBDQwMjAwoC6gLIYq\naHR0cDovL2NybC5yMm0wMS5hbWF6b250cnVzdC5jb20vcjJtMDEuY3JsMBMGA1Ud\nIAQMMAowCAYGZ4EMAQIBMHUGCCsGAQUFBwEBBGkwZzAtBggrBgEFBQcwAYYhaHR0\ncDovL29jc3AucjJtMDEuYW1hem9udHJ1c3QuY29tMDYGCCsGAQUFBzAChipodHRw\nOi8vY3J0LnIybTAxLmFtYXpvbnRydXN0LmNvbS9yMm0wMS5jZXIwDAYDVR0TAQH/\nBAIwADCCAX0GCisGAQQB1nkCBAIEggFtBIIBaQFnAHYA7s3QZNXbGs7FXLedtM0T\nojKHRny87N7DUUhZRnEftZsAAAGHfVQSdgAABAMARzBFAiEA8Ri3ClcfElFCMYUy\npZB3SFLzfrf+nu+mHbJPlQiaDWwCICYwAccoq+cSntJq51Or8vA3Hy+6+50oSPkk\n+dZgLG9wAHUAc9meiRtMlnigIH1HneayxhzQUV5xGSqMa4AQesF3crUAAAGHfVQS\nzAAABAMARjBEAiAHM9nYyYYaLt6lvES2TczBkqQm8ZvVMBvMTLCyicTi5gIgXdgx\nh0o57GBBi6fVJKdNUuIrtEE+Ucfgs7n6RcnGChsAdgBIsONr2qZHNA/lagL6nTDr\nHFIBy1bdLIHZu7+rOdiEcwAAAYd9VBKQAAAEAwBHMEUCIH3qrGHOD5aizw2C+nZ0\n2qsDf1khD9S0XItbgtirIJgiAiEA+ZlIrBxnx+F2YDMSsBhXx+fjyP0P1Aj0+N9X\nhLrzRw4wDQYJKoZIhvcNAQELBQADggEBAC/YyFZtRhK0XBjqJE81jiak19vZPpbV\nB1yENXcL8uzBuQRvi1wACXyIyaFu/D1usOLQKfyUYQC5HFBQauFt9DILZjHYkIW1\nkjg/UWirREYiUzSL00W5PkDhbAvkMUze736Pnfq7nOknLIZjVnVy5f351i7wa7Au\nBYtWQCNGKAKdjIR7+qIEL46LaNBrj/Kh9UCZlXcxjmU7RLJMb2AmuOD6chCe1Ki8\nIVlHEaZazmKRBzZ28uuQbQPsUMszj+9AtMBfqRTCoEjv82FAIYWDRvDaGQ49715c\n5i8vgozMw8ERpY+UBm4ZOptvdmHhfbN1dgpz0YtGIgm9WjdAntMt1BU=\n-----END CERTIFICATE-----\n",
                "is_ca": false,
                "issuer": "CN=Amazon RSA 2048 M01,O=Amazon,C=US",
                "not_after": "2024-05-12T23:59:59Z",
                "not_before": "2023-04-14T00:00:00Z",
                "public_key_algorithm": "RSA",
                "serial_number": "10860785064230208285910076270784010976",
                "sha1_fingerprint": "64902016cef886b3670ddcaafc385107494c7efe",
                "signature_algorithm": "SHA256-RSA",
                "subject": "CN=oidc.eks.ap-northeast-1.amazonaws.com",
                "version": 3
              }
            ],
            "content": null,
            "id": "876ec6096b3f2e9d22b7016d735a7689929468a2",
            "url": "https://oidc.eks.ap-northeast-1.amazonaws.com/id/40A1A465A479524E0F58E16ADCA421B4",
            "verify_chain": true
          },
          "sensitive_attributes": []
        }
      ]
    },
    {
      "mode": "managed",
      "type": "aws_autoscaling_group",
      "name": "eks_self_managed_node_group",
      "provider": "provider[\"registry.terraform.io/hashicorp/aws\"]",
      "instances": [
        {
          "schema_version": 0,
          "attributes": {
            "arn": "arn:aws:autoscaling:ap-northeast-1:471112993982:autoScalingGroup:934c9ce3-fd8d-4f4e-bbac-554b2e8cc31c:autoScalingGroupName/stable-eks-node-group-9f9c33f5999f945c",
            "availability_zones": [
              "ap-northeast-1c",
              "ap-northeast-1d"
            ],
            "capacity_rebalance": false,
            "context": "",
            "default_cooldown": 300,
            "default_instance_warmup": 0,
            "desired_capacity": 1,
            "desired_capacity_type": "",
            "enabled_metrics": null,
            "force_delete": false,
            "force_delete_warm_pool": false,
            "health_check_grace_period": 300,
            "health_check_type": "EC2",
            "id": "stable-eks-node-group-9f9c33f5999f945c",
            "initial_lifecycle_hook": [],
            "instance_refresh": [],
            "launch_configuration": "",
            "launch_template": [
              {
                "id": "lt-0aa0d7b4160affc8c",
                "name": "stable-eks-node-group-9f9c33f5999f945c20240204085806934200000005",
                "version": "$Latest"
              }
            ],
            "load_balancers": null,
            "max_instance_lifetime": 0,
            "max_size": 1,
            "metrics_granularity": "1Minute",
            "min_elb_capacity": null,
            "min_size": 1,
            "mixed_instances_policy": [],
            "name": "stable-eks-node-group-9f9c33f5999f945c",
            "name_prefix": "",
            "placement_group": "",
            "predicted_capacity": 0,
            "protect_from_scale_in": false,
            "service_linked_role_arn": "arn:aws:iam::471112993982:role/aws-service-role/autoscaling.amazonaws.com/AWSServiceRoleForAutoScaling",
            "suspended_processes": null,
            "tag": [],
            "tags": null,
            "target_group_arns": null,
            "termination_policies": null,
            "timeouts": null,
            "vpc_zone_identifier": [
              "subnet-0c100ef60573bdd3d",
              "subnet-0d9e21d152eff3350"
            ],
            "wait_for_capacity_timeout": "10m",
            "wait_for_elb_capacity": null,
            "warm_pool": [],
            "warm_pool_size": 0
          },
          "sensitive_attributes": [],
          "private": "eyJlMmJmYjczMC1lY2FhLTExZTYtOGY4OC0zNDM2M2JjN2M0YzAiOnsiZGVsZXRlIjo2MDAwMDAwMDAwMDAsInVwZGF0ZSI6NjAwMDAwMDAwMDAwfX0=",
          "dependencies": [
            "aws_eks_cluster.cluster",
            "aws_iam_instance_profile.eks_self_managed_node_group",
            "aws_iam_role.eks-cluster",
            "aws_iam_role.eks_self_managed_node_group",
            "aws_iam_role_policy_attachment.amazon-eks-cluster-policy",
            "aws_iam_role_policy_attachment.amazon_ec2_container_registry_read_only",
            "aws_iam_role_policy_attachment.amazon_eks_cni_policy",
            "aws_iam_role_policy_attachment.amazon_eks_worker_node_policy",
            "aws_launch_template.eks_self_managed_nodes",
            "data.aws_eks_cluster.selected",
            "random_id.name_suffix"
          ]
        }
      ]
    },
    {
      "mode": "managed",
      "type": "aws_eks_addon",
      "name": "coredns",
      "provider": "provider[\"registry.terraform.io/hashicorp/aws\"]",
      "instances": []
    },
    {
      "mode": "managed",
      "type": "aws_eks_addon",
      "name": "kube_proxy",
      "provider": "provider[\"registry.terraform.io/hashicorp/aws\"]",
      "instances": [
        {
          "index_key": 0,
          "schema_version": 0,
          "attributes": {
            "addon_name": "kube-proxy",
            "addon_version": "v1.25.16-eksbuild.1",
            "arn": "arn:aws:eks:ap-northeast-1:471112993982:addon/stable-eks/kube-proxy/aec6b9ab-8ed1-e956-e024-2f52b649edb4",
            "cluster_name": "stable-eks",
            "configuration_values": "",
            "created_at": "2024-02-04T08:58:25Z",
            "id": "stable-eks:kube-proxy",
            "modified_at": "2024-02-04T08:58:28Z",
            "preserve": null,
            "resolve_conflicts": null,
            "service_account_role_arn": "",
            "tags": null,
            "tags_all": {},
            "timeouts": null
          },
          "sensitive_attributes": [],
          "private": "eyJlMmJmYjczMC1lY2FhLTExZTYtOGY4OC0zNDM2M2JjN2M0YzAiOnsiY3JlYXRlIjoxMjAwMDAwMDAwMDAwLCJkZWxldGUiOjI0MDAwMDAwMDAwMDAsInVwZGF0ZSI6MTIwMDAwMDAwMDAwMH19",
          "dependencies": [
            "aws_autoscaling_group.eks_self_managed_node_group",
            "aws_eks_cluster.cluster",
            "aws_iam_instance_profile.eks_self_managed_node_group",
            "aws_iam_role.eks-cluster",
            "aws_iam_role.eks_self_managed_node_group",
            "aws_iam_role_policy_attachment.amazon-eks-cluster-policy",
            "aws_iam_role_policy_attachment.amazon_ec2_container_registry_read_only",
            "aws_iam_role_policy_attachment.amazon_eks_cni_policy",
            "aws_iam_role_policy_attachment.amazon_eks_worker_node_policy",
            "aws_launch_template.eks_self_managed_nodes",
            "data.aws_eks_cluster.selected",
            "random_id.name_suffix"
          ]
        }
      ]
    },
    {
      "mode": "managed",
      "type": "aws_eks_addon",
      "name": "vpc_cni",
      "provider": "provider[\"registry.terraform.io/hashicorp/aws\"]",
      "instances": [
        {
          "index_key": 0,
          "schema_version": 0,
          "attributes": {
            "addon_name": "vpc-cni",
            "addon_version": "v1.16.2-eksbuild.1",
            "arn": "arn:aws:eks:ap-northeast-1:471112993982:addon/stable-eks/vpc-cni/12c6b9ab-8ec7-bc00-129c-7cb6370f4ab3",
            "cluster_name": "stable-eks",
            "configuration_values": "",
            "created_at": "2024-02-04T08:58:25Z",
            "id": "stable-eks:vpc-cni",
            "modified_at": "2024-02-04T08:58:30Z",
            "preserve": null,
            "resolve_conflicts": null,
            "service_account_role_arn": "",
            "tags": null,
            "tags_all": {},
            "timeouts": null
          },
          "sensitive_attributes": [],
          "private": "eyJlMmJmYjczMC1lY2FhLTExZTYtOGY4OC0zNDM2M2JjN2M0YzAiOnsiY3JlYXRlIjoxMjAwMDAwMDAwMDAwLCJkZWxldGUiOjI0MDAwMDAwMDAwMDAsInVwZGF0ZSI6MTIwMDAwMDAwMDAwMH19",
          "dependencies": [
            "aws_autoscaling_group.eks_self_managed_node_group",
            "aws_eks_cluster.cluster",
            "aws_iam_instance_profile.eks_self_managed_node_group",
            "aws_iam_role.eks-cluster",
            "aws_iam_role.eks_self_managed_node_group",
            "aws_iam_role_policy_attachment.amazon-eks-cluster-policy",
            "aws_iam_role_policy_attachment.amazon_ec2_container_registry_read_only",
            "aws_iam_role_policy_attachment.amazon_eks_cni_policy",
            "aws_iam_role_policy_attachment.amazon_eks_worker_node_policy",
            "aws_launch_template.eks_self_managed_nodes",
            "data.aws_eks_cluster.selected",
            "random_id.name_suffix"
          ]
        }
      ]
    },
    {
      "mode": "managed",
      "type": "aws_eks_cluster",
      "name": "cluster",
      "provider": "provider[\"registry.terraform.io/hashicorp/aws\"]",
      "instances": [
        {
          "schema_version": 0,
          "attributes": {
            "arn": "arn:aws:eks:ap-northeast-1:471112993982:cluster/stable-eks",
            "certificate_authority": [
              {
                "data": "LS0tLS1CRUdJTiBDRVJUSUZJQ0FURS0tLS0tCk1JSURCVENDQWUyZ0F3SUJBZ0lJS2tiOHM5NXpmV293RFFZSktvWklodmNOQVFFTEJRQXdGVEVUTUJFR0ExVUUKQXhNS2EzVmlaWEp1WlhSbGN6QWVGdzB5TkRBeU1EUXdPRFE0TURCYUZ3MHpOREF5TURFd09EVXpNREJhTUJVeApFekFSQmdOVkJBTVRDbXQxWW1WeWJtVjBaWE13Z2dFaU1BMEdDU3FHU0liM0RRRUJBUVVBQTRJQkR3QXdnZ0VLCkFvSUJBUUNjS2IwdXZDdVphcUtmVlBlNkxJeVExZmVXOEJ6OGU5cHl6UlFZZkpHU0N3VDdWZHpocDBFWUVYSm0KQUZpNjhacXI4RStRZFYrSFYvMndMMjdCbkNFZWRKUDhsNFlHYU9naVg4K1M1a0JQY1FKNG01dmQ1a3RIdjFVdgpDVlFUTW82U0t4Y2pud3dBRW5aMXZXV1gxdmNkTGtKTjVrN2VscEdzZjUzNkxNZE9rWkRqSU8zTFpmU09NT2N6CjdkajNtWHYxN284S2FJbFJzMERjMWpVL3MwbFgzWmUyUHBRQllEN0pBOFdkKyt4VWtZaWlCTnVmcU02TjdxUEwKSHhnR2FjUFNXdnhMSGtPWnIxVnp4VWRpNjBJd1IyY1dkaUI4VTJESTBZalRiMm9kSjRMU1BZMDYyTjBhZzJnUwpNYVdyMUJtb1VORkl6N0hlaGJZRU5xa2xISDNQQWdNQkFBR2pXVEJYTUE0R0ExVWREd0VCL3dRRUF3SUNwREFQCkJnTlZIUk1CQWY4RUJUQURBUUgvTUIwR0ExVWREZ1FXQkJUT2o2SURxTHl4UkNyRzE3M3c3bVVmenkvL2NqQVYKQmdOVkhSRUVEakFNZ2dwcmRXSmxjbTVsZEdWek1BMEdDU3FHU0liM0RRRUJDd1VBQTRJQkFRQVp2SE1Wb0ZLMwpFVkdlWXhCTXhDRGg0ZThaTURzdXFsL08zSFpPZWY2dDlrZ0creE1CYmdqUFBuaDNUZDdFVi9zQVRBcEpyRWpLCmNOdEU4L1o0MGIzVFd3L0JibzNleWxqQmkyK25waWxXV3h0dWx5QWZMS2pLd3ZNV2NPN1J4ajN0SnRXTkl0VGoKYlZWakFCVmtWVDJKT2ZPUWc2bDkyNmtSd2FlV2NaNWcrSHRRZXFOZDNoTlhIU21ieWdSU29JUXU0SVkvdVh6dQpBNzF0UVdkU1daMzlhVktjeFZMY0JpK0Jwd09XZVBmNDRaRFVnV1p0anU1Q1V4cjNlRjZhemEwcHA2RmdHVWM3CjYvV0YwVjkvVkVMUkhLdUR3emxkQmhtd2oyNEd1RFRkMzczMDdpczc2eWVKdVZuSHllRmpNRy94OXpRWlMxSVoKVmY1anpIcHdKNGVhCi0tLS0tRU5EIENFUlRJRklDQVRFLS0tLS0K"
              }
            ],
            "cluster_id": null,
            "created_at": "2024-02-04 08:48:15.657 +0000 UTC",
            "enabled_cluster_log_types": null,
            "encryption_config": [],
            "endpoint": "https://40A1A465A479524E0F58E16ADCA421B4.gr7.ap-northeast-1.eks.amazonaws.com",
            "id": "stable-eks",
            "identity": [
              {
                "oidc": [
                  {
                    "issuer": "https://oidc.eks.ap-northeast-1.amazonaws.com/id/40A1A465A479524E0F58E16ADCA421B4"
                  }
                ]
              }
            ],
            "kubernetes_network_config": [
              {
                "ip_family": "ipv4",
                "service_ipv4_cidr": "172.20.0.0/16",
                "service_ipv6_cidr": ""
              }
            ],
            "name": "stable-eks",
            "outpost_config": [],
            "platform_version": "eks.13",
            "role_arn": "arn:aws:iam::471112993982:role/stable-eks",
            "status": "ACTIVE",
            "tags": null,
            "tags_all": {},
            "timeouts": null,
            "version": "1.25",
            "vpc_config": [
              {
                "cluster_security_group_id": "sg-0d81518960ced206d",
                "endpoint_private_access": true,
                "endpoint_public_access": true,
                "public_access_cidrs": [
                  "0.0.0.0/0"
                ],
                "security_group_ids": null,
                "subnet_ids": [
                  "subnet-0c100ef60573bdd3d",
                  "subnet-0d9e21d152eff3350"
                ],
                "vpc_id": "vpc-0493956eb129e6c45"
              }
            ]
          },
          "sensitive_attributes": [],
          "private": "eyJlMmJmYjczMC1lY2FhLTExZTYtOGY4OC0zNDM2M2JjN2M0YzAiOnsiY3JlYXRlIjoxODAwMDAwMDAwMDAwLCJkZWxldGUiOjkwMDAwMDAwMDAwMCwidXBkYXRlIjozNjAwMDAwMDAwMDAwfX0=",
          "dependencies": [
            "aws_iam_role.eks-cluster",
            "aws_iam_role_policy_attachment.amazon-eks-cluster-policy"
          ]
        }
      ]
    },
    {
      "mode": "managed",
      "type": "aws_iam_instance_profile",
      "name": "eks_self_managed_node_group",
      "provider": "provider[\"registry.terraform.io/hashicorp/aws\"]",
      "instances": [
        {
          "schema_version": 0,
          "attributes": {
            "arn": "arn:aws:iam::471112993982:instance-profile/stable-eks-node-group-9f9c33f5999f945c-instance-profile",
            "create_date": "2024-02-04T08:48:12Z",
            "id": "stable-eks-node-group-9f9c33f5999f945c-instance-profile",
            "name": "stable-eks-node-group-9f9c33f5999f945c-instance-profile",
            "name_prefix": "",
            "path": "/",
            "role": "stable-eks-node-group-9f9c33f5999f945c-role",
            "tags": null,
            "tags_all": {},
            "unique_id": "AIPAW3MEFZS7AALJNVQMM"
          },
          "sensitive_attributes": [],
          "private": "bnVsbA==",
          "dependencies": [
            "aws_iam_role.eks_self_managed_node_group",
            "random_id.name_suffix"
          ]
        }
      ]
    },
    {
      "mode": "managed",
      "type": "aws_iam_instance_profile",
      "name": "karpenter",
      "provider": "provider[\"registry.terraform.io/hashicorp/aws\"]",
      "instances": [
        {
          "schema_version": 0,
          "attributes": {
            "arn": "arn:aws:iam::471112993982:instance-profile/stable-eksKarpenterIamNodeInstanceProfile",
            "create_date": "2024-02-04T08:48:12Z",
            "id": "stable-eksKarpenterIamNodeInstanceProfile",
            "name": "stable-eksKarpenterIamNodeInstanceProfile",
            "name_prefix": "",
            "path": "/",
            "role": "eks-node-group",
            "tags": null,
            "tags_all": {},
            "unique_id": "AIPAW3MEFZS7BEFN2XMB5"
          },
          "sensitive_attributes": [],
          "private": "bnVsbA==",
          "dependencies": [
            "aws_iam_role.nodes"
          ]
        }
      ]
    },
    {
      "mode": "managed",
      "type": "aws_iam_openid_connect_provider",
      "name": "eks",
      "provider": "provider[\"registry.terraform.io/hashicorp/aws\"]",
      "instances": [
        {
          "schema_version": 0,
          "attributes": {
            "arn": "arn:aws:iam::471112993982:oidc-provider/oidc.eks.ap-northeast-1.amazonaws.com/id/40A1A465A479524E0F58E16ADCA421B4",
            "client_id_list": [
              "sts.amazonaws.com"
            ],
            "id": "arn:aws:iam::471112993982:oidc-provider/oidc.eks.ap-northeast-1.amazonaws.com/id/40A1A465A479524E0F58E16ADCA421B4",
            "tags": null,
            "tags_all": {},
            "thumbprint_list": [
              "9e99a48a9960b14926bb7f3b02e22da2b0ab7280"
            ],
            "url": "oidc.eks.ap-northeast-1.amazonaws.com/id/40A1A465A479524E0F58E16ADCA421B4"
          },
          "sensitive_attributes": [],
          "private": "bnVsbA==",
          "dependencies": [
            "aws_eks_cluster.cluster",
            "aws_iam_role.eks-cluster",
            "aws_iam_role_policy_attachment.amazon-eks-cluster-policy",
            "data.tls_certificate.eks"
          ]
        }
      ]
    },
    {
      "mode": "managed",
      "type": "aws_iam_policy",
      "name": "karpenter_controller",
      "provider": "provider[\"registry.terraform.io/hashicorp/aws\"]",
      "instances": [
        {
          "schema_version": 0,
          "attributes": {
            "arn": "arn:aws:iam::471112993982:policy/stable-eksKarpenterControllerpolicy",
            "description": "",
            "id": "arn:aws:iam::471112993982:policy/stable-eksKarpenterControllerpolicy",
            "name": "stable-eksKarpenterControllerpolicy",
            "name_prefix": "",
            "path": "/",
            "policy": "{\"Statement\":[{\"Action\":[\"ssm:GetParameter\",\"iam:PassRole\",\"ec2:RunInstances\",\"ec2:DescribeSubnets\",\"ec2:DescribeSecurityGroups\",\"ec2:DescribeLaunchTemplates\",\"ec2:DescribeInstances\",\"ec2:DescribeInstanceTypes\",\"ec2:DescribeInstanceTypeOfferings\",\"ec2:DescribeAvailabilityZones\",\"ec2:DeleteLaunchTemplate\",\"ec2:CreateTags\",\"ec2:CreateLaunchTemplate\",\"ec2:CreateFleet\"],\"Effect\":\"Allow\",\"Resource\":\"*\",\"Sid\":\"Karpenter\"},{\"Action\":\"ec2:TerminateInstances\",\"Condition\":{\"StringLike\":{\"ec2:ResourceTag/Name\":\"*karpenter*\"}},\"Effect\":\"Allow\",\"Resource\":\"*\",\"Sid\":\"ConditionalEC2Termination\"}],\"Version\":\"2012-10-17\"}",
            "policy_id": "ANPAW3MEFZS7OUOC2SKBT",
            "tags": null,
            "tags_all": {}
          },
          "sensitive_attributes": [],
          "private": "bnVsbA=="
        }
      ]
    },
    {
      "mode": "managed",
      "type": "aws_iam_role",
      "name": "eks-cluster",
      "provider": "provider[\"registry.terraform.io/hashicorp/aws\"]",
      "instances": [
        {
          "schema_version": 0,
          "attributes": {
            "arn": "arn:aws:iam::471112993982:role/stable-eks",
            "assume_role_policy": "{\"Statement\":[{\"Action\":\"sts:AssumeRole\",\"Effect\":\"Allow\",\"Principal\":{\"Service\":\"eks.amazonaws.com\"}}],\"Version\":\"2012-10-17\"}",
            "create_date": "2024-02-04T08:48:11Z",
            "description": "",
            "force_detach_policies": false,
            "id": "stable-eks",
            "inline_policy": [],
            "managed_policy_arns": [],
            "max_session_duration": 3600,
            "name": "stable-eks",
            "name_prefix": "",
            "path": "/",
            "permissions_boundary": null,
            "role_last_used": [
              {
                "last_used_date": "",
                "region": ""
              }
            ],
            "tags": null,
            "tags_all": {},
            "unique_id": "AROAW3MEFZS7P7ALJRDUD"
          },
          "sensitive_attributes": [],
          "private": "bnVsbA=="
        }
      ]
    },
    {
      "mode": "managed",
      "type": "aws_iam_role",
      "name": "eks_self_managed_node_group",
      "provider": "provider[\"registry.terraform.io/hashicorp/aws\"]",
      "instances": [
        {
          "schema_version": 0,
          "attributes": {
            "arn": "arn:aws:iam::471112993982:role/stable-eks-node-group-9f9c33f5999f945c-role",
            "assume_role_policy": "{\"Statement\":[{\"Action\":\"sts:AssumeRole\",\"Effect\":\"Allow\",\"Principal\":{\"Service\":\"ec2.amazonaws.com\"}}],\"Version\":\"2012-10-17\"}",
            "create_date": "2024-02-04T08:48:11Z",
            "description": "",
            "force_detach_policies": false,
            "id": "stable-eks-node-group-9f9c33f5999f945c-role",
            "inline_policy": [],
            "managed_policy_arns": [],
            "max_session_duration": 3600,
            "name": "stable-eks-node-group-9f9c33f5999f945c-role",
            "name_prefix": "",
            "path": "/",
            "permissions_boundary": null,
            "role_last_used": [
              {
                "last_used_date": "",
                "region": ""
              }
            ],
            "tags": null,
            "tags_all": {},
            "unique_id": "AROAW3MEFZS7MKQQDDZJI"
          },
          "sensitive_attributes": [],
          "private": "bnVsbA==",
          "dependencies": [
            "random_id.name_suffix"
          ]
        }
      ]
    },
    {
      "mode": "managed",
      "type": "aws_iam_role",
      "name": "karpenter_controller",
      "provider": "provider[\"registry.terraform.io/hashicorp/aws\"]",
      "instances": [
        {
          "schema_version": 0,
          "attributes": {
            "arn": "arn:aws:iam::471112993982:role/stable-ekskarpenter-controller",
            "assume_role_policy": "{\"Statement\":[{\"Action\":\"sts:AssumeRoleWithWebIdentity\",\"Condition\":{\"StringEquals\":{\"oidc.eks.ap-northeast-1.amazonaws.com/id/40A1A465A479524E0F58E16ADCA421B4:sub\":\"system:serviceaccount:karpenter:karpenter\"}},\"Effect\":\"Allow\",\"Principal\":{\"Federated\":\"arn:aws:iam::471112993982:oidc-provider/oidc.eks.ap-northeast-1.amazonaws.com/id/40A1A465A479524E0F58E16ADCA421B4\"},\"Sid\":\"\"}],\"Version\":\"2012-10-17\"}",
            "create_date": "2024-02-04T08:58:09Z",
            "description": "",
            "force_detach_policies": false,
            "id": "stable-ekskarpenter-controller",
            "inline_policy": [],
            "managed_policy_arns": [],
            "max_session_duration": 3600,
            "name": "stable-ekskarpenter-controller",
            "name_prefix": "",
            "path": "/",
            "permissions_boundary": null,
            "role_last_used": [
              {
                "last_used_date": "",
                "region": ""
              }
            ],
            "tags": null,
            "tags_all": {},
            "unique_id": "AROAW3MEFZS7BLBIYGC6Q"
          },
          "sensitive_attributes": [],
          "private": "bnVsbA==",
          "dependencies": [
            "aws_eks_cluster.cluster",
            "aws_iam_openid_connect_provider.eks",
            "aws_iam_role.eks-cluster",
            "aws_iam_role_policy_attachment.amazon-eks-cluster-policy",
            "data.aws_iam_policy_document.karpenter_controller_assume_role_policy",
            "data.tls_certificate.eks"
          ]
        }
      ]
    },
    {
      "mode": "managed",
      "type": "aws_iam_role",
      "name": "nodes",
      "provider": "provider[\"registry.terraform.io/hashicorp/aws\"]",
      "instances": [
        {
          "schema_version": 0,
          "attributes": {
            "arn": "arn:aws:iam::471112993982:role/eks-node-group",
            "assume_role_policy": "{\"Statement\":[{\"Action\":\"sts:AssumeRole\",\"Effect\":\"Allow\",\"Principal\":{\"Service\":\"ec2.amazonaws.com\"}}],\"Version\":\"2012-10-17\"}",
            "create_date": "2024-02-04T08:48:11Z",
            "description": "",
            "force_detach_policies": false,
            "id": "eks-node-group",
            "inline_policy": [],
            "managed_policy_arns": [],
            "max_session_duration": 3600,
            "name": "eks-node-group",
            "name_prefix": "",
            "path": "/",
            "permissions_boundary": null,
            "role_last_used": [
              {
                "last_used_date": "",
                "region": ""
              }
            ],
            "tags": null,
            "tags_all": {},
            "unique_id": "AROAW3MEFZS7FSHGAT4BV"
          },
          "sensitive_attributes": [],
          "private": "bnVsbA=="
        }
      ]
    },
    {
      "mode": "managed",
      "type": "aws_iam_role_policy_attachment",
      "name": "amazon-eks-cluster-policy",
      "provider": "provider[\"registry.terraform.io/hashicorp/aws\"]",
      "instances": [
        {
          "schema_version": 0,
          "attributes": {
            "id": "stable-eks-20240204084812508600000001",
            "policy_arn": "arn:aws:iam::aws:policy/AmazonEKSClusterPolicy",
            "role": "stable-eks"
          },
          "sensitive_attributes": [],
          "private": "bnVsbA==",
          "dependencies": [
            "aws_iam_role.eks-cluster"
          ]
        }
      ]
    },
    {
      "mode": "managed",
      "type": "aws_iam_role_policy_attachment",
      "name": "amazon_ec2_container_registry_read_only",
      "provider": "provider[\"registry.terraform.io/hashicorp/aws\"]",
      "instances": [
        {
          "schema_version": 0,
          "attributes": {
            "id": "stable-eks-node-group-9f9c33f5999f945c-role-20240204084812735000000004",
            "policy_arn": "arn:aws:iam::aws:policy/AmazonEC2ContainerRegistryReadOnly",
            "role": "stable-eks-node-group-9f9c33f5999f945c-role"
          },
          "sensitive_attributes": [],
          "private": "bnVsbA==",
          "dependencies": [
            "aws_iam_role.eks_self_managed_node_group",
            "random_id.name_suffix"
          ]
        }
      ]
    },
    {
      "mode": "managed",
      "type": "aws_iam_role_policy_attachment",
      "name": "amazon_eks_cni_policy",
      "provider": "provider[\"registry.terraform.io/hashicorp/aws\"]",
      "instances": [
        {
          "schema_version": 0,
          "attributes": {
            "id": "stable-eks-node-group-9f9c33f5999f945c-role-20240204084812523800000003",
            "policy_arn": "arn:aws:iam::aws:policy/AmazonEKS_CNI_Policy",
            "role": "stable-eks-node-group-9f9c33f5999f945c-role"
          },
          "sensitive_attributes": [],
          "private": "bnVsbA==",
          "dependencies": [
            "aws_iam_role.eks_self_managed_node_group",
            "random_id.name_suffix"
          ]
        }
      ]
    },
    {
      "mode": "managed",
      "type": "aws_iam_role_policy_attachment",
      "name": "amazon_eks_worker_node_policy",
      "provider": "provider[\"registry.terraform.io/hashicorp/aws\"]",
      "instances": [
        {
          "schema_version": 0,
          "attributes": {
            "id": "stable-eks-node-group-9f9c33f5999f945c-role-20240204084812518400000002",
            "policy_arn": "arn:aws:iam::aws:policy/AmazonEKSWorkerNodePolicy",
            "role": "stable-eks-node-group-9f9c33f5999f945c-role"
          },
          "sensitive_attributes": [],
          "private": "bnVsbA==",
          "dependencies": [
            "aws_iam_role.eks_self_managed_node_group",
            "random_id.name_suffix"
          ]
        }
      ]
    },
    {
      "mode": "managed",
      "type": "aws_iam_role_policy_attachment",
      "name": "aws_load_balancer_controller_attach",
      "provider": "provider[\"registry.terraform.io/hashicorp/aws\"]",
      "instances": [
        {
          "schema_version": 0,
          "attributes": {
            "id": "stable-ekskarpenter-controller-20240204085811082200000007",
            "policy_arn": "arn:aws:iam::471112993982:policy/stable-eksKarpenterControllerpolicy",
            "role": "stable-ekskarpenter-controller"
          },
          "sensitive_attributes": [],
          "private": "bnVsbA==",
          "dependencies": [
            "aws_eks_cluster.cluster",
            "aws_iam_openid_connect_provider.eks",
            "aws_iam_policy.karpenter_controller",
            "aws_iam_role.eks-cluster",
            "aws_iam_role.karpenter_controller",
            "aws_iam_role_policy_attachment.amazon-eks-cluster-policy",
            "data.aws_iam_policy_document.karpenter_controller_assume_role_policy",
            "data.tls_certificate.eks"
          ]
        }
      ]
    },
    {
      "mode": "managed",
      "type": "aws_launch_template",
      "name": "eks_self_managed_nodes",
      "provider": "provider[\"registry.terraform.io/hashicorp/aws\"]",
      "instances": [
        {
          "schema_version": 0,
          "attributes": {
            "arn": "arn:aws:ec2:ap-northeast-1:471112993982:launch-template/lt-0aa0d7b4160affc8c",
            "block_device_mappings": [],
            "capacity_reservation_specification": [],
            "cpu_options": [],
            "credit_specification": [],
            "default_version": 1,
            "description": "Amazon EKS self-managed nodes",
            "disable_api_stop": false,
            "disable_api_termination": false,
            "ebs_optimized": "",
            "elastic_gpu_specifications": [],
            "elastic_inference_accelerator": [],
            "enclave_options": [],
            "hibernation_options": [],
            "iam_instance_profile": [
              {
                "arn": "arn:aws:iam::471112993982:instance-profile/stable-eks-node-group-9f9c33f5999f945c-instance-profile",
                "name": ""
              }
            ],
            "id": "lt-0aa0d7b4160affc8c",
            "image_id": "ami-06a9a2b789a408856",
            "instance_initiated_shutdown_behavior": "",
            "instance_market_options": [],
            "instance_requirements": [],
            "instance_type": "c5.xlarge",
            "kernel_id": "",
            "key_name": "aiden-terraform-ops",
            "latest_version": 1,
            "license_specification": [],
            "maintenance_options": [],
            "metadata_options": [],
            "monitoring": [],
            "name": "stable-eks-node-group-9f9c33f5999f945c20240204085806934200000005",
            "name_prefix": "stable-eks-node-group-9f9c33f5999f945c",
            "network_interfaces": [],
            "placement": [],
            "private_dns_name_options": [],
            "ram_disk_id": "",
            "security_group_names": null,
            "tag_specifications": [
              {
                "resource_type": "instance",
                "tags": {
                  "kubernetes.io/cluster/stable-eks": "owned"
                }
              }
            ],
            "tags": null,
            "tags_all": {},
            "update_default_version": true,
            "user_data": "IyEvYmluL2Jhc2gKIyBDb3B5cmlnaHQgQW1hem9uLmNvbSwgSW5jLiBvciBpdHMgYWZmaWxpYXRlcy4gQWxsIFJpZ2h0cyBSZXNlcnZlZC4KIyBTUERYLUxpY2Vuc2UtSWRlbnRpZmllcjogTUlULTAKCnNldCAtbyB4dHJhY2UKc3lzdGVtY3RsIHN0b3Aga3ViZWxldAovZXRjL2Vrcy9ib290c3RyYXAuc2ggXAogICAgLS1rdWJlbGV0LWV4dHJhLWFyZ3MgJy0tbm9kZS1sYWJlbHM9JyBcCiAgICBzdGFibGUtZWtz",
            "vpc_security_group_ids": [
              "sg-0d81518960ced206d"
            ]
          },
          "sensitive_attributes": [],
          "private": "bnVsbA==",
          "dependencies": [
            "aws_eks_cluster.cluster",
            "aws_iam_instance_profile.eks_self_managed_node_group",
            "aws_iam_role.eks-cluster",
            "aws_iam_role.eks_self_managed_node_group",
            "aws_iam_role_policy_attachment.amazon-eks-cluster-policy",
            "data.aws_eks_cluster.selected",
            "random_id.name_suffix"
          ]
        }
      ]
    },
    {
      "mode": "managed",
      "type": "helm_release",
      "name": "karpenter",
      "provider": "provider[\"registry.terraform.io/hashicorp/helm\"]",
      "instances": [
        {
          "status": "tainted",
          "schema_version": 1,
          "attributes": {
            "atomic": false,
            "chart": "karpenter",
            "cleanup_on_fail": false,
            "create_namespace": true,
            "dependency_update": false,
            "description": null,
            "devel": null,
            "disable_crd_hooks": false,
            "disable_openapi_validation": false,
            "disable_webhooks": false,
            "force_update": false,
            "id": "karpenter",
            "keyring": null,
            "lint": false,
            "manifest": null,
            "max_history": 0,
            "metadata": [
              {
                "app_version": "0.16.3",
                "chart": "karpenter",
                "name": "karpenter",
                "namespace": "karpenter",
                "revision": 1,
                "values": "{\"aws\":{\"defaultInstanceProfile\":\"stable-eksKarpenterIamNodeInstanceProfile\"},\"clusterEndpoint\":\"https://40A1A465A479524E0F58E16ADCA421B4.gr7.ap-northeast-1.eks.amazonaws.com\",\"clusterName\":\"stable-eks\",\"serviceAccount\":{\"annotations\":{\"eks.amazonaws.com/role-arn\":\"arn:aws:iam::471112993982:role/stable-ekskarpenter-controller\"}}}",
                "version": "0.16.3"
              }
            ],
            "name": "karpenter",
            "namespace": "karpenter",
            "pass_credentials": false,
            "postrender": [],
            "recreate_pods": false,
            "render_subchart_notes": true,
            "replace": false,
            "repository": "https://charts.karpenter.sh",
            "repository_ca_file": null,
            "repository_cert_file": null,
            "repository_key_file": null,
            "repository_password": null,
            "repository_username": null,
            "reset_values": false,
            "reuse_values": false,
            "set": [
              {
                "name": "aws.defaultInstanceProfile",
                "type": "",
                "value": "stable-eksKarpenterIamNodeInstanceProfile"
              },
              {
                "name": "clusterEndpoint",
                "type": "",
                "value": "https://40A1A465A479524E0F58E16ADCA421B4.gr7.ap-northeast-1.eks.amazonaws.com"
              },
              {
                "name": "clusterName",
                "type": "",
                "value": "stable-eks"
              },
              {
                "name": "serviceAccount.annotations.eks\\.amazonaws\\.com/role-arn",
                "type": "",
                "value": "arn:aws:iam::471112993982:role/stable-ekskarpenter-controller"
              }
            ],
            "set_list": [],
            "set_sensitive": [],
            "skip_crds": false,
            "status": "failed",
            "timeout": 300,
            "values": null,
            "verify": false,
            "version": "0.16.3",
            "wait": true,
            "wait_for_jobs": false
          },
          "sensitive_attributes": [],
          "private": "eyJzY2hlbWFfdmVyc2lvbiI6IjEifQ==",
          "dependencies": [
            "aws_autoscaling_group.eks_self_managed_node_group",
            "aws_eks_cluster.cluster",
            "aws_iam_instance_profile.eks_self_managed_node_group",
            "aws_iam_instance_profile.karpenter",
            "aws_iam_openid_connect_provider.eks",
            "aws_iam_role.eks-cluster",
            "aws_iam_role.eks_self_managed_node_group",
            "aws_iam_role.karpenter_controller",
            "aws_iam_role.nodes",
            "aws_iam_role_policy_attachment.amazon-eks-cluster-policy",
            "aws_iam_role_policy_attachment.amazon_ec2_container_registry_read_only",
            "aws_iam_role_policy_attachment.amazon_eks_cni_policy",
            "aws_iam_role_policy_attachment.amazon_eks_worker_node_policy",
            "aws_launch_template.eks_self_managed_nodes",
            "data.aws_eks_cluster.selected",
            "data.aws_iam_policy_document.karpenter_controller_assume_role_policy",
            "data.tls_certificate.eks",
            "random_id.name_suffix"
          ]
        }
      ]
    },
    {
      "mode": "managed",
      "type": "random_id",
      "name": "name_suffix",
      "provider": "provider[\"registry.terraform.io/hashicorp/random\"]",
      "instances": [
        {
          "schema_version": 0,
          "attributes": {
            "b64_std": "n5wz9ZmflFw=",
            "b64_url": "n5wz9ZmflFw",
            "byte_length": 8,
            "dec": "11501124678334780508",
            "hex": "9f9c33f5999f945c",
            "id": "n5wz9ZmflFw",
            "keepers": null,
            "prefix": null
          },
          "sensitive_attributes": [],
          "private": "bnVsbA=="
        }
      ]
    }
  ],
  "check_results": null
}
